
Microsoft Visual Studio Solution File, Format Version 12.00
Project("{FAE04EC0-301F-11D3-BF4B-00C04F79EFBC}") = "ZipZip.Runner", "ZipZip.Runner\ZipZip.Runner.csproj", "{56435F3B-9039-4790-A1EB-90D7E05D400E}"
EndProject
Global
	GlobalSection(SolutionConfigurationPlatforms) = preSolution
		Debug|Any CPU = Debug|Any CPU
		Release|Any CPU = Release|Any CPU
	EndGlobalSection
	GlobalSection(ProjectConfigurationPlatforms) = postSolution
		{56435F3B-9039-4790-A1EB-90D7E05D400E}.Debug|Any CPU.ActiveCfg = Debug|Any CPU
		{56435F3B-9039-4790-A1EB-90D7E05D400E}.Debug|Any CPU.Build.0 = Debug|Any CPU
		{56435F3B-9039-4790-A1EB-90D7E05D400E}.Release|Any CPU.ActiveCfg = Release|Any CPU
		{56435F3B-9039-4790-A1EB-90D7E05D400E}.Release|Any CPU.Build.0 = Release|Any CPU
	EndGlobalSection
EndGlobal
